
Microsoft Visual Studio Solution File, Format Version 12.00
# Visual Studio Version 16
VisualStudioVersion = 16.0.31424.327
MinimumVisualStudioVersion = 10.0.40219.1
Project("{FAE04EC0-301F-11D3-BF4B-00C04F79EFBC}") = "Proyecto_2", "Proyecto_2\Proyecto_2.csproj", "{9B2B377A-DBC8-4D68-A671-3D300A4EBE55}"
EndProject
Global
	GlobalSection(SolutionConfigurationPlatforms) = preSolution
		Debug|Any CPU = Debug|Any CPU
		Release|Any CPU = Release|Any CPU
	EndGlobalSection
	GlobalSection(ProjectConfigurationPlatforms) = postSolution
		{9B2B377A-DBC8-4D68-A671-3D300A4EBE55}.Debug|Any CPU.ActiveCfg = Debug|Any CPU
		{9B2B377A-DBC8-4D68-A671-3D300A4EBE55}.Debug|Any CPU.Build.0 = Debug|Any CPU
		{9B2B377A-DBC8-4D68-A671-3D300A4EBE55}.Release|Any CPU.ActiveCfg = Release|Any CPU
		{9B2B377A-DBC8-4D68-A671-3D300A4EBE55}.Release|Any CPU.Build.0 = Release|Any CPU
	EndGlobalSection
	GlobalSection(SolutionProperties) = preSolution
		HideSolutionNode = FALSE
	EndGlobalSection
	GlobalSection(ExtensibilityGlobals) = postSolution
		SolutionGuid = {9159285B-6810-4A43-AEF7-E3990AC52F0E}
	EndGlobalSection
EndGlobal
